
Microsoft Visual Studio Solution File, Format Version 12.00
# Visual Studio Version 17
VisualStudioVersion = 17.9.34728.123
MinimumVisualStudioVersion = 10.0.40219.1
Project("{FAE04EC0-301F-11D3-BF4B-00C04F79EFBC}") = "Sample_UnitTest", "Sample_UnitTest\Sample_UnitTest.csproj", "{891B032E-6048-48C3-B368-AE889ACDA505}"
EndProject
Project("{FAE04EC0-301F-11D3-BF4B-00C04F79EFBC}") = "Sample_UnitTest.Tests", "Sample_UnitTest.Tests\Sample_UnitTest.Tests.csproj", "{5D0847A0-D2DB-405A-91F8-18E44C9860C4}"
EndProject
Global
	GlobalSection(SolutionConfigurationPlatforms) = preSolution
		Debug|Any CPU = Debug|Any CPU
		Release|Any CPU = Release|Any CPU
	EndGlobalSection
	GlobalSection(ProjectConfigurationPlatforms) = postSolution
		{891B032E-6048-48C3-B368-AE889ACDA505}.Debug|Any CPU.ActiveCfg = Debug|Any CPU
		{891B032E-6048-48C3-B368-AE889ACDA505}.Debug|Any CPU.Build.0 = Debug|Any CPU
		{891B032E-6048-48C3-B368-AE889ACDA505}.Release|Any CPU.ActiveCfg = Release|Any CPU
		{891B032E-6048-48C3-B368-AE889ACDA505}.Release|Any CPU.Build.0 = Release|Any CPU
		{5D0847A0-D2DB-405A-91F8-18E44C9860C4}.Debug|Any CPU.ActiveCfg = Debug|Any CPU
		{5D0847A0-D2DB-405A-91F8-18E44C9860C4}.Debug|Any CPU.Build.0 = Debug|Any CPU
		{5D0847A0-D2DB-405A-91F8-18E44C9860C4}.Release|Any CPU.ActiveCfg = Release|Any CPU
		{5D0847A0-D2DB-405A-91F8-18E44C9860C4}.Release|Any CPU.Build.0 = Release|Any CPU
	EndGlobalSection
	GlobalSection(SolutionProperties) = preSolution
		HideSolutionNode = FALSE
	EndGlobalSection
	GlobalSection(ExtensibilityGlobals) = postSolution
		SolutionGuid = {509835BC-159D-4595-AFEE-AF02ED8D8116}
	EndGlobalSection
EndGlobal
